// !$*UTF8*$!
{
	archiveVersion = 1;
	classes = {
	};
	objectVersion = 77;
	objects = {

/* Begin PBXBuildFile section */
		DD5F037C2D3E0E4100FA40CA /* ViewInspector in Frameworks */ = {isa = PBXBuildFile; productRef = DD5F037B2D3E0E4100FA40CA /* ViewInspector */; };
/* End PBXBuildFile section */

/* Begin PBXContainerItemProxy section */
		DD31BFD52D38CB0000D251E1 /* PBXContainerItemProxy */ = {
			isa = PBXContainerItemProxy;
			containerPortal = DD31BFBC2D38CAFF00D251E1 /* Project object */;
			proxyType = 1;
			remoteGlobalIDString = DD31BFC32D38CAFF00D251E1;
			remoteInfo = NBATeams;
		};
		DD31BFDF2D38CB0000D251E1 /* PBXContainerItemProxy */ = {
			isa = PBXContainerItemProxy;
			containerPortal = DD31BFBC2D38CAFF00D251E1 /* Project object */;
			proxyType = 1;
			remoteGlobalIDString = DD31BFC32D38CAFF00D251E1;
			remoteInfo = NBATeams;
		};
/* End PBXContainerItemProxy section */

/* Begin PBXFileReference section */
		DD31BFC42D38CAFF00D251E1 /* NBATeams.app */ = {isa = PBXFileReference; explicitFileType = wrapper.application; includeInIndex = 0; path = NBATeams.app; sourceTree = BUILT_PRODUCTS_DIR; };
		DD31BFD42D38CB0000D251E1 /* NBATeamsTests.xctest */ = {isa = PBXFileReference; explicitFileType = wrapper.cfbundle; includeInIndex = 0; path = NBATeamsTests.xctest; sourceTree = BUILT_PRODUCTS_DIR; };
		DD31BFDE2D38CB0000D251E1 /* NBATeamsUITests.xctest */ = {isa = PBXFileReference; explicitFileType = wrapper.cfbundle; includeInIndex = 0; path = NBATeamsUITests.xctest; sourceTree = BUILT_PRODUCTS_DIR; };
/* End PBXFileReference section */

/* Begin PBXFileSystemSynchronizedRootGroup section */
		DD31BFC62D38CAFF00D251E1 /* NBATeams */ = {
			isa = PBXFileSystemSynchronizedRootGroup;
			path = NBATeams;
			sourceTree = "<group>";
		};
		DD31BFD72D38CB0000D251E1 /* NBATeamsTests */ = {
			isa = PBXFileSystemSynchronizedRootGroup;
			path = NBATeamsTests;
			sourceTree = "<group>";
		};
		DD31BFE12D38CB0000D251E1 /* NBATeamsUITests */ = {
			isa = PBXFileSystemSynchronizedRootGroup;
			path = NBATeamsUITests;
			sourceTree = "<group>";
		};
/* End PBXFileSystemSynchronizedRootGroup section */

/* Begin PBXFrameworksBuildPhase section */
		DD31BFC12D38CAFF00D251E1 /* Frameworks */ = {
			isa = PBXFrameworksBuildPhase;
			buildActionMask = 2147483647;
			files = (
			);
			runOnlyForDeploymentPostprocessing = 0;
		};
		DD31BFD12D38CB0000D251E1 /* Frameworks */ = {
			isa = PBXFrameworksBuildPhase;
			buildActionMask = 2147483647;
			files = (
			);
			runOnlyForDeploymentPostprocessing = 0;
		};
		DD31BFDB2D38CB0000D251E1 /* Frameworks */ = {
			isa = PBXFrameworksBuildPhase;
			buildActionMask = 2147483647;
			files = (
				DD5F037C2D3E0E4100FA40CA /* ViewInspector in Frameworks */,
			);
			runOnlyForDeploymentPostprocessing = 0;
		};
/* End PBXFrameworksBuildPhase section */

/* Begin PBXGroup section */
		DD31BFBB2D38CAFF00D251E1 = {
			isa = PBXGroup;
			children = (
				DD31BFC62D38CAFF00D251E1 /* NBATeams */,
				DD31BFD72D38CB0000D251E1 /* NBATeamsTests */,
				DD31BFE12D38CB0000D251E1 /* NBATeamsUITests */,
				DD31BFC52D38CAFF00D251E1 /* Products */,
			);
			sourceTree = "<group>";
		};
		DD31BFC52D38CAFF00D251E1 /* Products */ = {
			isa = PBXGroup;
			children = (
				DD31BFC42D38CAFF00D251E1 /* NBATeams.app */,
				DD31BFD42D38CB0000D251E1 /* NBATeamsTests.xctest */,
				DD31BFDE2D38CB0000D251E1 /* NBATeamsUITests.xctest */,
			);
			name = Products;
			sourceTree = "<group>";
		};
/* End PBXGroup section */

/* Begin PBXNativeTarget section */
		DD31BFC32D38CAFF00D251E1 /* NBATeams */ = {
			isa = PBXNativeTarget;
			buildConfigurationList = DD31BFE82D38CB0000D251E1 /* Build configuration list for PBXNativeTarget "NBATeams" */;
			buildPhases = (
				DD31BFC02D38CAFF00D251E1 /* Sources */,
				DD31BFC12D38CAFF00D251E1 /* Frameworks */,
				DD31BFC22D38CAFF00D251E1 /* Resources */,
			);
			buildRules = (
			);
			dependencies = (
			);
			fileSystemSynchronizedGroups = (
				DD31BFC62D38CAFF00D251E1 /* NBATeams */,
			);
			name = NBATeams;
			packageProductDependencies = (
			);
			productName = NBATeams;
			productReference = DD31BFC42D38CAFF00D251E1 /* NBATeams.app */;
			productType = "com.apple.product-type.application";
		};
		DD31BFD32D38CB0000D251E1 /* NBATeamsTests */ = {
			isa = PBXNativeTarget;
			buildConfigurationList = DD31BFEB2D38CB0000D251E1 /* Build configuration list for PBXNativeTarget "NBATeamsTests" */;
			buildPhases = (
				DD31BFD02D38CB0000D251E1 /* Sources */,
				DD31BFD12D38CB0000D251E1 /* Frameworks */,
				DD31BFD22D38CB0000D251E1 /* Resources */,
			);
			buildRules = (
			);
			dependencies = (
				DD31BFD62D38CB0000D251E1 /* PBXTargetDependency */,
			);
			fileSystemSynchronizedGroups = (
				DD31BFD72D38CB0000D251E1 /* NBATeamsTests */,
			);
			name = NBATeamsTests;
			packageProductDependencies = (
			);
			productName = NBATeamsTests;
			productReference = DD31BFD42D38CB0000D251E1 /* NBATeamsTests.xctest */;
			productType = "com.apple.product-type.bundle.unit-test";
		};
		DD31BFDD2D38CB0000D251E1 /* NBATeamsUITests */ = {
			isa = PBXNativeTarget;
			buildConfigurationList = DD31BFEE2D38CB0000D251E1 /* Build configuration list for PBXNativeTarget "NBATeamsUITests" */;
			buildPhases = (
				DD31BFDA2D38CB0000D251E1 /* Sources */,
				DD31BFDB2D38CB0000D251E1 /* Frameworks */,
				DD31BFDC2D38CB0000D251E1 /* Resources */,
			);
			buildRules = (
			);
			dependencies = (
				DD31BFE02D38CB0000D251E1 /* PBXTargetDependency */,
			);
			fileSystemSynchronizedGroups = (
				DD31BFE12D38CB0000D251E1 /* NBATeamsUITests */,
			);
			name = NBATeamsUITests;
			packageProductDependencies = (
				DD5F037B2D3E0E4100FA40CA /* ViewInspector */,
			);
			productName = NBATeamsUITests;
			productReference = DD31BFDE2D38CB0000D251E1 /* NBATeamsUITests.xctest */;
			productType = "com.apple.product-type.bundle.ui-testing";
		};
/* End PBXNativeTarget section */

/* Begin PBXProject section */
		DD31BFBC2D38CAFF00D251E1 /* Project object */ = {
			isa = PBXProject;
			attributes = {
				BuildIndependentTargetsInParallel = 1;
				LastSwiftUpdateCheck = 1620;
				LastUpgradeCheck = 1620;
				TargetAttributes = {
					DD31BFC32D38CAFF00D251E1 = {
						CreatedOnToolsVersion = 16.2;
					};
					DD31BFD32D38CB0000D251E1 = {
						CreatedOnToolsVersion = 16.2;
						TestTargetID = DD31BFC32D38CAFF00D251E1;
					};
					DD31BFDD2D38CB0000D251E1 = {
						CreatedOnToolsVersion = 16.2;
						TestTargetID = DD31BFC32D38CAFF00D251E1;
					};
				};
			};
			buildConfigurationList = DD31BFBF2D38CAFF00D251E1 /* Build configuration list for PBXProject "NBATeams" */;
			developmentRegion = en;
			hasScannedForEncodings = 0;
			knownRegions = (
				en,
				Base,
			);
			mainGroup = DD31BFBB2D38CAFF00D251E1;
			minimizedProjectReferenceProxies = 1;
			packageReferences = (
				DD5F037A2D3E0E4100FA40CA /* XCRemoteSwiftPackageReference "ViewInspector" */,
			);
			preferredProjectObjectVersion = 77;
			productRefGroup = DD31BFC52D38CAFF00D251E1 /* Products */;
			projectDirPath = "";
			projectRoot = "";
			targets = (
				DD31BFC32D38CAFF00D251E1 /* NBATeams */,
				DD31BFD32D38CB0000D251E1 /* NBATeamsTests */,
				DD31BFDD2D38CB0000D251E1 /* NBATeamsUITests */,
			);
		};
/* End PBXProject section */

/* Begin PBXResourcesBuildPhase section */
		DD31BFC22D38CAFF00D251E1 /* Resources */ = {
			isa = PBXResourcesBuildPhase;
			buildActionMask = 2147483647;
			files = (
			);
			runOnlyForDeploymentPostprocessing = 0;
		};
		DD31BFD22D38CB0000D251E1 /* Resources */ = {
			isa = PBXResourcesBuildPhase;
			buildActionMask = 2147483647;
			files = (
			);
			runOnlyForDeploymentPostprocessing = 0;
		};
		DD31BFDC2D38CB0000D251E1 /* Resources */ = {
			isa = PBXResourcesBuildPhase;
			buildActionMask = 2147483647;
			files = (
			);
			runOnlyForDeploymentPostprocessing = 0;
		};
/* End PBXResourcesBuildPhase section */

/* Begin PBXSourcesBuildPhase section */
		DD31BFC02D38CAFF00D251E1 /* Sources */ = {
			isa = PBXSourcesBuildPhase;
			buildActionMask = 2147483647;
			files = (
			);
			runOnlyForDeploymentPostprocessing = 0;
		};
		DD31BFD02D38CB0000D251E1 /* Sources */ = {
			isa = PBXSourcesBuildPhase;
			buildActionMask = 2147483647;
			files = (
			);
			runOnlyForDeploymentPostprocessing = 0;
		};
		DD31BFDA2D38CB0000D251E1 /* Sources */ = {
			isa = PBXSourcesBuildPhase;
			buildActionMask = 2147483647;
			files = (
			);
			runOnlyForDeploymentPostprocessing = 0;
		};
/* End PBXSourcesBuildPhase section */

/* Begin PBXTargetDependency section */
		DD31BFD62D38CB0000D251E1 /* PBXTargetDependency */ = {
			isa = PBXTargetDependency;
			target = DD31BFC32D38CAFF00D251E1 /* NBATeams */;
			targetProxy = DD31BFD52D38CB0000D251E1 /* PBXContainerItemProxy */;
		};
		DD31BFE02D38CB0000D251E1 /* PBXTargetDependency */ = {
			isa = PBXTargetDependency;
			target = DD31BFC32D38CAFF00D251E1 /* NBATeams */;
			targetProxy = DD31BFDF2D38CB0000D251E1 /* PBXContainerItemProxy */;
		};
/* End PBXTargetDependency section */

/* Begin XCBuildConfiguration section */
		DD31BFE62D38CB0000D251E1 /* Debug */ = {
			isa = XCBuildConfiguration;
			buildSettings = {
				ALWAYS_SEARCH_USER_PATHS = NO;
				ASSETCATALOG_COMPILER_GENERATE_SWIFT_ASSET_SYMBOL_EXTENSIONS = YES;
				CLANG_ANALYZER_NONNULL = YES;
				CLANG_ANALYZER_NUMBER_OBJECT_CONVERSION = YES_AGGRESSIVE;
				CLANG_CXX_LANGUAGE_STANDARD = "gnu++20";
				CLANG_ENABLE_MODULES = YES;
				CLANG_ENABLE_OBJC_ARC = YES;
				CLANG_ENABLE_OBJC_WEAK = YES;
				CLANG_WARN_BLOCK_CAPTURE_AUTORELEASING = YES;
				CLANG_WARN_BOOL_CONVERSION = YES;
				CLANG_WARN_COMMA = YES;
				CLANG_WARN_CONSTANT_CONVERSION = YES;
				CLANG_WARN_DEPRECATED_OBJC_IMPLEMENTATIONS = YES;
				CLANG_WARN_DIRECT_OBJC_ISA_USAGE = YES_ERROR;
				CLANG_WARN_DOCUMENTATION_COMMENTS = YES;
				CLANG_WARN_EMPTY_BODY = YES;
				CLANG_WARN_ENUM_CONVERSION = YES;
				CLANG_WARN_INFINITE_RECURSION = YES;
				CLANG_WARN_INT_CONVERSION = YES;
				CLANG_WARN_NON_LITERAL_NULL_CONVERSION = YES;
				CLANG_WARN_OBJC_IMPLICIT_RETAIN_SELF = YES;
				CLANG_WARN_OBJC_LITERAL_CONVERSION = YES;
				CLANG_WARN_OBJC_ROOT_CLASS = YES_ERROR;
				CLANG_WARN_QUOTED_INCLUDE_IN_FRAMEWORK_HEADER = YES;
				CLANG_WARN_RANGE_LOOP_ANALYSIS = YES;
				CLANG_WARN_STRICT_PROTOTYPES = YES;
				CLANG_WARN_SUSPICIOUS_MOVE = YES;
				CLANG_WARN_UNGUARDED_AVAILABILITY = YES_AGGRESSIVE;
				CLANG_WARN_UNREACHABLE_CODE = YES;
				CLANG_WARN__DUPLICATE_METHOD_MATCH = YES;
				COPY_PHASE_STRIP = NO;
				DEBUG_INFORMATION_FORMAT = dwarf;
				ENABLE_STRICT_OBJC_MSGSEND = YES;
				ENABLE_TESTABILITY = YES;
				ENABLE_USER_SCRIPT_SANDBOXING = YES;
				GCC_C_LANGUAGE_STANDARD = gnu17;
				GCC_DYNAMIC_NO_PIC = NO;
				GCC_NO_COMMON_BLOCKS = YES;
				GCC_OPTIMIZATION_LEVEL = 0;
				GCC_PREPROCESSOR_DEFINITIONS = (
					"DEBUG=1",
					"$(inherited)",
				);
				GCC_WARN_64_TO_32_BIT_CONVERSION = YES;
				GCC_WARN_ABOUT_RETURN_TYPE = YES_ERROR;
				GCC_WARN_UNDECLARED_SELECTOR = YES;
				GCC_WARN_UNINITIALIZED_AUTOS = YES_AGGRESSIVE;
				GCC_WARN_UNUSED_FUNCTION = YES;
				GCC_WARN_UNUSED_VARIABLE = YES;
				IPHONEOS_DEPLOYMENT_TARGET = 18.2;
				LOCALIZATION_PREFERS_STRING_CATALOGS = YES;
				MTL_ENABLE_DEBUG_INFO = INCLUDE_SOURCE;
				MTL_FAST_MATH = YES;
				ONLY_ACTIVE_ARCH = YES;
				SDKROOT = iphoneos;
				SWIFT_ACTIVE_COMPILATION_CONDITIONS = "DEBUG $(inherited)";
				SWIFT_OPTIMIZATION_LEVEL = "-Onone";
			};
			name = Debug;
		};
		DD31BFE72D38CB0000D251E1 /* Release */ = {
			isa = XCBuildConfiguration;
			buildSettings = {
				ALWAYS_SEARCH_USER_PATHS = NO;
				ASSETCATALOG_COMPILER_GENERATE_SWIFT_ASSET_SYMBOL_EXTENSIONS = YES;
				CLANG_ANALYZER_NONNULL = YES;
				CLANG_ANALYZER_NUMBER_OBJECT_CONVERSION = YES_AGGRESSIVE;
				CLANG_CXX_LANGUAGE_STANDARD = "gnu++20";
				CLANG_ENABLE_MODULES = YES;
				CLANG_ENABLE_OBJC_ARC = YES;
				CLANG_ENABLE_OBJC_WEAK = YES;
				CLANG_WARN_BLOCK_CAPTURE_AUTORELEASING = YES;
				CLANG_WARN_BOOL_CONVERSION = YES;
				CLANG_WARN_COMMA = YES;
				CLANG_WARN_CONSTANT_CONVERSION = YES;
				CLANG_WARN_DEPRECATED_OBJC_IMPLEMENTATIONS = YES;
				CLANG_WARN_DIRECT_OBJC_ISA_USAGE = YES_ERROR;
				CLANG_WARN_DOCUMENTATION_COMMENTS = YES;
				CLANG_WARN_EMPTY_BODY = YES;
				CLANG_WARN_ENUM_CONVERSION = YES;
				CLANG_WARN_INFINITE_RECURSION = YES;
				CLANG_WARN_INT_CONVERSION = YES;
				CLANG_WARN_NON_LITERAL_NULL_CONVERSION = YES;
				CLANG_WARN_OBJC_IMPLICIT_RETAIN_SELF = YES;
				CLANG_WARN_OBJC_LITERAL_CONVERSION = YES;
				CLANG_WARN_OBJC_ROOT_CLASS = YES_ERROR;
				CLANG_WARN_QUOTED_INCLUDE_IN_FRAMEWORK_HEADER = YES;
				CLANG_WARN_RANGE_LOOP_ANALYSIS = YES;
				CLANG_WARN_STRICT_PROTOTYPES = YES;
				CLANG_WARN_SUSPICIOUS_MOVE = YES;
				CLANG_WARN_UNGUARDED_AVAILABILITY = YES_AGGRESSIVE;
				CLANG_WARN_UNREACHABLE_CODE = YES;
				CLANG_WARN__DUPLICATE_METHOD_MATCH = YES;
				COPY_PHASE_STRIP = NO;
				DEBUG_INFORMATION_FORMAT = "dwarf-with-dsym";
				ENABLE_NS_ASSERTIONS = NO;
				ENABLE_STRICT_OBJC_MSGSEND = YES;
				ENABLE_USER_SCRIPT_SANDBOXING = YES;
				GCC_C_LANGUAGE_STANDARD = gnu17;
				GCC_NO_COMMON_BLOCKS = YES;
				GCC_WARN_64_TO_32_BIT_CONVERSION = YES;
				GCC_WARN_ABOUT_RETURN_TYPE = YES_ERROR;
				GCC_WARN_UNDECLARED_SELECTOR = YES;
				GCC_WARN_UNINITIALIZED_AUTOS = YES_AGGRESSIVE;
				GCC_WARN_UNUSED_FUNCTION = YES;
				GCC_WARN_UNUSED_VARIABLE = YES;
				IPHONEOS_DEPLOYMENT_TARGET = 18.2;
				LOCALIZATION_PREFERS_STRING_CATALOGS = YES;
				MTL_ENABLE_DEBUG_INFO = NO;
				MTL_FAST_MATH = YES;
				SDKROOT = iphoneos;
				SWIFT_COMPILATION_MODE = wholemodule;
				VALIDATE_PRODUCT = YES;
			};
			name = Release;
		};
		DD31BFE92D38CB0000D251E1 /* Debug */ = {
			isa = XCBuildConfiguration;
			buildSettings = {
				ASSETCATALOG_COMPILER_APPICON_NAME = AppIcon;
				ASSETCATALOG_COMPILER_GLOBAL_ACCENT_COLOR_NAME = AccentColor;
				CODE_SIGN_STYLE = Automatic;
				CURRENT_PROJECT_VERSION = 1;
				DEVELOPMENT_ASSET_PATHS = "\"NBATeams/Preview Content\"";
				ENABLE_PREVIEWS = YES;
				GENERATE_INFOPLIST_FILE = YES;
				INFOPLIST_KEY_UIApplicationSceneManifest_Generation = YES;
				INFOPLIST_KEY_UIApplicationSupportsIndirectInputEvents = YES;
				INFOPLIST_KEY_UILaunchScreen_Generation = YES;
				INFOPLIST_KEY_UISupportedInterfaceOrientations_iPad = "UIInterfaceOrientationPortrait UIInterfaceOrientationPortraitUpsideDown UIInterfaceOrientationLandscapeLeft UIInterfaceOrientationLandscapeRight";
				INFOPLIST_KEY_UISupportedInterfaceOrientations_iPhone = "UIInterfaceOrientationPortrait UIInterfaceOrientationLandscapeLeft UIInterfaceOrientationLandscapeRight";
				LD_RUNPATH_SEARCH_PATHS = (
					"$(inherited)",
					"@executable_path/Frameworks",
				);
				MARKETING_VERSION = 1.0;
				PRODUCT_BUNDLE_IDENTIFIER = com.shreyas.NBATeams;
				PRODUCT_NAME = "$(TARGET_NAME)";
				SWIFT_EMIT_LOC_STRINGS = YES;
				SWIFT_VERSION = 5.0;
				TARGETED_DEVICE_FAMILY = "1,2";
			};
			name = Debug;
		};
		DD31BFEA2D38CB0000D251E1 /* Release */ = {
			isa = XCBuildConfiguration;
			buildSettings = {
				ASSETCATALOG_COMPILER_APPICON_NAME = AppIcon;
				ASSETCATALOG_COMPILER_GLOBAL_ACCENT_COLOR_NAME = AccentColor;
				CODE_SIGN_STYLE = Automatic;
				CURRENT_PROJECT_VERSION = 1;
				DEVELOPMENT_ASSET_PATHS = "\"NBATeams/Preview Content\"";
				ENABLE_PREVIEWS = YES;
				GENERATE_INFOPLIST_FILE = YES;
				INFOPLIST_KEY_UIApplicationSceneManifest_Generation = YES;
				INFOPLIST_KEY_UIApplicationSupportsIndirectInputEvents = YES;
				INFOPLIST_KEY_UILaunchScreen_Generation = YES;
				INFOPLIST_KEY_UISupportedInterfaceOrientations_iPad = "UIInterfaceOrientationPortrait UIInterfaceOrientationPortraitUpsideDown UIInterfaceOrientationLandscapeLeft UIInterfaceOrientationLandscapeRight";
				INFOPLIST_KEY_UISupportedInterfaceOrientations_iPhone = "UIInterfaceOrientationPortrait UIInterfaceOrientationLandscapeLeft UIInterfaceOrientationLandscapeRight";
				LD_RUNPATH_SEARCH_PATHS = (
					"$(inherited)",
					"@executable_path/Frameworks",
				);
				MARKETING_VERSION = 1.0;
				PRODUCT_BUNDLE_IDENTIFIER = com.shreyas.NBATeams;
				PRODUCT_NAME = "$(TARGET_NAME)";
				SWIFT_EMIT_LOC_STRINGS = YES;
				SWIFT_VERSION = 5.0;
				TARGETED_DEVICE_FAMILY = "1,2";
			};
			name = Release;
		};
		DD31BFEC2D38CB0000D251E1 /* Debug */ = {
			isa = XCBuildConfiguration;
			buildSettings = {
				BUNDLE_LOADER = "$(TEST_HOST)";
				CODE_SIGN_STYLE = Automatic;
				CURRENT_PROJECT_VERSION = 1;
				GENERATE_INFOPLIST_FILE = YES;
				IPHONEOS_DEPLOYMENT_TARGET = 18.2;
				MARKETING_VERSION = 1.0;
				PRODUCT_BUNDLE_IDENTIFIER = com.shreyas.NBATeamsTests;
				PRODUCT_NAME = "$(TARGET_NAME)";
				SWIFT_EMIT_LOC_STRINGS = NO;
				SWIFT_VERSION = 5.0;
				TARGETED_DEVICE_FAMILY = "1,2";
				TEST_HOST = "$(BUILT_PRODUCTS_DIR)/NBATeams.app/$(BUNDLE_EXECUTABLE_FOLDER_PATH)/NBATeams";
			};
			name = Debug;
		};
		DD31BFED2D38CB0000D251E1 /* Release */ = {
			isa = XCBuildConfiguration;
			buildSettings = {
				BUNDLE_LOADER = "$(TEST_HOST)";
				CODE_SIGN_STYLE = Automatic;
				CURRENT_PROJECT_VERSION = 1;
				GENERATE_INFOPLIST_FILE = YES;
				IPHONEOS_DEPLOYMENT_TARGET = 18.2;
				MARKETING_VERSION = 1.0;
				PRODUCT_BUNDLE_IDENTIFIER = com.shreyas.NBATeamsTests;
				PRODUCT_NAME = "$(TARGET_NAME)";
				SWIFT_EMIT_LOC_STRINGS = NO;
				SWIFT_VERSION = 5.0;
				TARGETED_DEVICE_FAMILY = "1,2";
				TEST_HOST = "$(BUILT_PRODUCTS_DIR)/NBATeams.app/$(BUNDLE_EXECUTABLE_FOLDER_PATH)/NBATeams";
			};
			name = Release;
		};
		DD31BFEF2D38CB0000D251E1 /* Debug */ = {
			isa = XCBuildConfiguration;
			buildSettings = {
				CODE_SIGN_STYLE = Automatic;
				CURRENT_PROJECT_VERSION = 1;
				GENERATE_INFOPLIST_FILE = YES;
				MARKETING_VERSION = 1.0;
				PRODUCT_BUNDLE_IDENTIFIER = com.shreyas.NBATeamsUITests;
				PRODUCT_NAME = "$(TARGET_NAME)";
				SWIFT_EMIT_LOC_STRINGS = NO;
				SWIFT_VERSION = 5.0;
				TARGETED_DEVICE_FAMILY = "1,2";
				TEST_TARGET_NAME = NBATeams;
			};
			name = Debug;
		};
		DD31BFF02D38CB0000D251E1 /* Release */ = {
			isa = XCBuildConfiguration;
			buildSettings = {
				CODE_SIGN_STYLE = Automatic;
				CURRENT_PROJECT_VERSION = 1;
				GENERATE_INFOPLIST_FILE = YES;
				MARKETING_VERSION = 1.0;
				PRODUCT_BUNDLE_IDENTIFIER = com.shreyas.NBATeamsUITests;
				PRODUCT_NAME = "$(TARGET_NAME)";
				SWIFT_EMIT_LOC_STRINGS = NO;
				SWIFT_VERSION = 5.0;
				TARGETED_DEVICE_FAMILY = "1,2";
				TEST_TARGET_NAME = NBATeams;
			};
			name = Release;
		};
/* End XCBuildConfiguration section */

/* Begin XCConfigurationList section */
		DD31BFBF2D38CAFF00D251E1 /* Build configuration list for PBXProject "NBATeams" */ = {
			isa = XCConfigurationList;
			buildConfigurations = (
				DD31BFE62D38CB0000D251E1 /* Debug */,
				DD31BFE72D38CB0000D251E1 /* Release */,
			);
			defaultConfigurationIsVisible = 0;
			defaultConfigurationName = Release;
		};
		DD31BFE82D38CB0000D251E1 /* Build configuration list for PBXNativeTarget "NBATeams" */ = {
			isa = XCConfigurationList;
			buildConfigurations = (
				DD31BFE92D38CB0000D251E1 /* Debug */,
				DD31BFEA2D38CB0000D251E1 /* Release */,
			);
			defaultConfigurationIsVisible = 0;
			defaultConfigurationName = Release;
		};
		DD31BFEB2D38CB0000D251E1 /* Build configuration list for PBXNativeTarget "NBATeamsTests" */ = {
			isa = XCConfigurationList;
			buildConfigurations = (
				DD31BFEC2D38CB0000D251E1 /* Debug */,
				DD31BFED2D38CB0000D251E1 /* Release */,
			);
			defaultConfigurationIsVisible = 0;
			defaultConfigurationName = Release;
		};
		DD31BFEE2D38CB0000D251E1 /* Build configuration list for PBXNativeTarget "NBATeamsUITests" */ = {
			isa = XCConfigurationList;
			buildConfigurations = (
				DD31BFEF2D38CB0000D251E1 /* Debug */,
				DD31BFF02D38CB0000D251E1 /* Release */,
			);
			defaultConfigurationIsVisible = 0;
			defaultConfigurationName = Release;
		};
/* End XCConfigurationList section */

/* Begin XCRemoteSwiftPackageReference section */
		DD5F037A2D3E0E4100FA40CA /* XCRemoteSwiftPackageReference "ViewInspector" */ = {
			isa = XCRemoteSwiftPackageReference;
			repositoryURL = "https://github.com/nalexn/ViewInspector";
			requirement = {
				kind = exactVersion;
				version = 0.9.0;
			};
		};
/* End XCRemoteSwiftPackageReference section */

/* Begin XCSwiftPackageProductDependency section */
		DD5F037B2D3E0E4100FA40CA /* ViewInspector */ = {
			isa = XCSwiftPackageProductDependency;
			package = DD5F037A2D3E0E4100FA40CA /* XCRemoteSwiftPackageReference "ViewInspector" */;
			productName = ViewInspector;
		};
/* End XCSwiftPackageProductDependency section */
	};
	rootObject = DD31BFBC2D38CAFF00D251E1 /* Project object */;
}
